
Microsoft Visual Studio Solution File, Format Version 12.00
# Visual Studio Version 17
VisualStudioVersion = 17.11.35312.102
MinimumVisualStudioVersion = 10.0.40219.1
Project("{FAE04EC0-301F-11D3-BF4B-00C04F79EFBC}") = "Parcial2_Punto1", "Parcial2_Punto1\Parcial2_Punto1.csproj", "{BB53AAFE-37DE-4B0D-BCB8-77FDC2335EBD}"
EndProject
Global
	GlobalSection(SolutionConfigurationPlatforms) = preSolution
		Debug|Any CPU = Debug|Any CPU
		Release|Any CPU = Release|Any CPU
	EndGlobalSection
	GlobalSection(ProjectConfigurationPlatforms) = postSolution
		{BB53AAFE-37DE-4B0D-BCB8-77FDC2335EBD}.Debug|Any CPU.ActiveCfg = Debug|Any CPU
		{BB53AAFE-37DE-4B0D-BCB8-77FDC2335EBD}.Debug|Any CPU.Build.0 = Debug|Any CPU
		{BB53AAFE-37DE-4B0D-BCB8-77FDC2335EBD}.Release|Any CPU.ActiveCfg = Release|Any CPU
		{BB53AAFE-37DE-4B0D-BCB8-77FDC2335EBD}.Release|Any CPU.Build.0 = Release|Any CPU
	EndGlobalSection
	GlobalSection(SolutionProperties) = preSolution
		HideSolutionNode = FALSE
	EndGlobalSection
	GlobalSection(ExtensibilityGlobals) = postSolution
		SolutionGuid = {C65A3E27-B6F9-468C-8B53-E05C1CF44264}
	EndGlobalSection
EndGlobal
